[tools.go]
version = "1.24.3"
backend = "core:go"

[tools.golangci-lint]
version = "2.1.6"
backend = "aqua:golangci/golangci-lint"

[tools.golangci-lint.checksums]
"golangci-lint-2.1.6-linux-amd64.tar.gz" = "sha256:e55e0eb515936c0fbd178bce504798a9bd2f0b191e5e357768b18fd5415ee541"

[tools.uv]
version = "0.7.3"
backend = "aqua:astral-sh/uv"
